
Microsoft Visual Studio Solution File, Format Version 12.00
# Visual Studio Version 16
VisualStudioVersion = 16.0.29201.188
MinimumVisualStudioVersion = 10.0.40219.1
Project("{9A19103F-16F7-4668-BE54-9A1E7A4F7556}") = "Tt.App.WebApi", "src\web\Tt.App.WebApi\Tt.App.WebApi.csproj", "{4CC1C4DB-337B-4059-9361-66197AA57DC3}"
EndProject
Project("{9A19103F-16F7-4668-BE54-9A1E7A4F7556}") = "Tt.App.Data.EfCore", "src\data\Tt.App.Data.EfCore\Tt.App.Data.EfCore.csproj", "{52B31008-2A54-4227-9ACD-93A8CDF1842F}"
EndProject
Project("{9A19103F-16F7-4668-BE54-9A1E7A4F7556}") = "Tt.App.Data", "src\data\Tt.App.Data\Tt.App.Data.csproj", "{712B5164-B895-4780-9733-18694A17F78A}"
EndProject
Project("{9A19103F-16F7-4668-BE54-9A1E7A4F7556}") = "Tt.App", "src\shared\Tt.App\Tt.App.csproj", "{0D1F2B44-4372-44E7-A517-D58A85C1AEAE}"
EndProject
Project("{2150E333-8FDC-42A3-9474-1A3956D46DE8}") = "Tests", "Tests", "{0341516C-C6DB-4B46-9442-6C5AE6C9A309}"
EndProject
Project("{9A19103F-16F7-4668-BE54-9A1E7A4F7556}") = "Tt.App.UnitTests", "tests\Tt.App.UnitTests\Tt.App.UnitTests.csproj", "{6AFF09AC-ED09-427C-91C0-6C5D9B5A4779}"
EndProject
Project("{2150E333-8FDC-42A3-9474-1A3956D46DE8}") = "Data", "Data", "{A1D95219-7E2C-468E-839C-640264284B0F}"
EndProject
Project("{9A19103F-16F7-4668-BE54-9A1E7A4F7556}") = "Tt.App.Data.EfCore.UnitTests", "tests\Tt.App.Data.EfCore.UnitTests\Tt.App.Data.EfCore.UnitTests.csproj", "{A0C75C36-45D0-4043-A613-9124A84390F4}"
EndProject
Project("{9A19103F-16F7-4668-BE54-9A1E7A4F7556}") = "Tt.App.WebApi.UnitTests", "tests\Tt.App.WebApi.UnitTests\Tt.App.WebApi.UnitTests.csproj", "{1D054789-35B9-4068-8B14-BC099D61DFFF}"
EndProject
Project("{9A19103F-16F7-4668-BE54-9A1E7A4F7556}") = "Tt.App.Idp", "src\web\Tt.App.Idp\Tt.App.Idp.csproj", "{6D391BFE-A25C-4250-AD66-514F47FA98B5}"
EndProject
Project("{9A19103F-16F7-4668-BE54-9A1E7A4F7556}") = "Tt.App.WebMvc", "src\web\Tt.App.WebMvc\Tt.App.WebMvc.csproj", "{4E127FBE-5B1E-4C9A-9EA2-FCCDD80C866D}"
EndProject
Project("{2150E333-8FDC-42A3-9474-1A3956D46DE8}") = "Shared", "Shared", "{A27C68C1-B1B2-4BBA-A896-5AD3AA5745FE}"
EndProject
Project("{2150E333-8FDC-42A3-9474-1A3956D46DE8}") = "Web", "Web", "{C87D0D9B-874E-42E8-89F0-68E62126A2FA}"
EndProject
Project("{FAE04EC0-301F-11D3-BF4B-00C04F79EFBC}") = "Tt.App.WebMvc.UnitTests", "tests\Tt.App.WebMvc.UnitTests\Tt.App.WebMvc.UnitTests.csproj", "{A4FA30A6-89F5-4F64-A755-F2061F674033}"
EndProject
Global
	GlobalSection(SolutionConfigurationPlatforms) = preSolution
		Debug|Any CPU = Debug|Any CPU
		Release|Any CPU = Release|Any CPU
	EndGlobalSection
	GlobalSection(ProjectConfigurationPlatforms) = postSolution
		{4CC1C4DB-337B-4059-9361-66197AA57DC3}.Debug|Any CPU.ActiveCfg = Debug|Any CPU
		{4CC1C4DB-337B-4059-9361-66197AA57DC3}.Debug|Any CPU.Build.0 = Debug|Any CPU
		{4CC1C4DB-337B-4059-9361-66197AA57DC3}.Release|Any CPU.ActiveCfg = Release|Any CPU
		{4CC1C4DB-337B-4059-9361-66197AA57DC3}.Release|Any CPU.Build.0 = Release|Any CPU
		{52B31008-2A54-4227-9ACD-93A8CDF1842F}.Debug|Any CPU.ActiveCfg = Debug|Any CPU
		{52B31008-2A54-4227-9ACD-93A8CDF1842F}.Debug|Any CPU.Build.0 = Debug|Any CPU
		{52B31008-2A54-4227-9ACD-93A8CDF1842F}.Release|Any CPU.ActiveCfg = Release|Any CPU
		{52B31008-2A54-4227-9ACD-93A8CDF1842F}.Release|Any CPU.Build.0 = Release|Any CPU
		{712B5164-B895-4780-9733-18694A17F78A}.Debug|Any CPU.ActiveCfg = Debug|Any CPU
		{712B5164-B895-4780-9733-18694A17F78A}.Debug|Any CPU.Build.0 = Debug|Any CPU
		{712B5164-B895-4780-9733-18694A17F78A}.Release|Any CPU.ActiveCfg = Release|Any CPU
		{712B5164-B895-4780-9733-18694A17F78A}.Release|Any CPU.Build.0 = Release|Any CPU
		{0D1F2B44-4372-44E7-A517-D58A85C1AEAE}.Debug|Any CPU.ActiveCfg = Debug|Any CPU
		{0D1F2B44-4372-44E7-A517-D58A85C1AEAE}.Debug|Any CPU.Build.0 = Debug|Any CPU
		{0D1F2B44-4372-44E7-A517-D58A85C1AEAE}.Release|Any CPU.ActiveCfg = Release|Any CPU
		{0D1F2B44-4372-44E7-A517-D58A85C1AEAE}.Release|Any CPU.Build.0 = Release|Any CPU
		{6AFF09AC-ED09-427C-91C0-6C5D9B5A4779}.Debug|Any CPU.ActiveCfg = Debug|Any CPU
		{6AFF09AC-ED09-427C-91C0-6C5D9B5A4779}.Debug|Any CPU.Build.0 = Debug|Any CPU
		{6AFF09AC-ED09-427C-91C0-6C5D9B5A4779}.Release|Any CPU.ActiveCfg = Release|Any CPU
		{6AFF09AC-ED09-427C-91C0-6C5D9B5A4779}.Release|Any CPU.Build.0 = Release|Any CPU
		{A0C75C36-45D0-4043-A613-9124A84390F4}.Debug|Any CPU.ActiveCfg = Debug|Any CPU
		{A0C75C36-45D0-4043-A613-9124A84390F4}.Debug|Any CPU.Build.0 = Debug|Any CPU
		{A0C75C36-45D0-4043-A613-9124A84390F4}.Release|Any CPU.ActiveCfg = Release|Any CPU
		{A0C75C36-45D0-4043-A613-9124A84390F4}.Release|Any CPU.Build.0 = Release|Any CPU
		{1D054789-35B9-4068-8B14-BC099D61DFFF}.Debug|Any CPU.ActiveCfg = Debug|Any CPU
		{1D054789-35B9-4068-8B14-BC099D61DFFF}.Debug|Any CPU.Build.0 = Debug|Any CPU
		{1D054789-35B9-4068-8B14-BC099D61DFFF}.Release|Any CPU.ActiveCfg = Release|Any CPU
		{1D054789-35B9-4068-8B14-BC099D61DFFF}.Release|Any CPU.Build.0 = Release|Any CPU
		{6D391BFE-A25C-4250-AD66-514F47FA98B5}.Debug|Any CPU.ActiveCfg = Debug|Any CPU
		{6D391BFE-A25C-4250-AD66-514F47FA98B5}.Debug|Any CPU.Build.0 = Debug|Any CPU
		{6D391BFE-A25C-4250-AD66-514F47FA98B5}.Release|Any CPU.ActiveCfg = Release|Any CPU
		{6D391BFE-A25C-4250-AD66-514F47FA98B5}.Release|Any CPU.Build.0 = Release|Any CPU
		{4E127FBE-5B1E-4C9A-9EA2-FCCDD80C866D}.Debug|Any CPU.ActiveCfg = Debug|Any CPU
		{4E127FBE-5B1E-4C9A-9EA2-FCCDD80C866D}.Debug|Any CPU.Build.0 = Debug|Any CPU
		{4E127FBE-5B1E-4C9A-9EA2-FCCDD80C866D}.Release|Any CPU.ActiveCfg = Release|Any CPU
		{4E127FBE-5B1E-4C9A-9EA2-FCCDD80C866D}.Release|Any CPU.Build.0 = Release|Any CPU
		{A4FA30A6-89F5-4F64-A755-F2061F674033}.Debug|Any CPU.ActiveCfg = Debug|Any CPU
		{A4FA30A6-89F5-4F64-A755-F2061F674033}.Debug|Any CPU.Build.0 = Debug|Any CPU
		{A4FA30A6-89F5-4F64-A755-F2061F674033}.Release|Any CPU.ActiveCfg = Release|Any CPU
		{A4FA30A6-89F5-4F64-A755-F2061F674033}.Release|Any CPU.Build.0 = Release|Any CPU
	EndGlobalSection
	GlobalSection(SolutionProperties) = preSolution
		HideSolutionNode = FALSE
	EndGlobalSection
	GlobalSection(NestedProjects) = preSolution
		{4CC1C4DB-337B-4059-9361-66197AA57DC3} = {C87D0D9B-874E-42E8-89F0-68E62126A2FA}
		{52B31008-2A54-4227-9ACD-93A8CDF1842F} = {A1D95219-7E2C-468E-839C-640264284B0F}
		{712B5164-B895-4780-9733-18694A17F78A} = {A1D95219-7E2C-468E-839C-640264284B0F}
		{0D1F2B44-4372-44E7-A517-D58A85C1AEAE} = {A27C68C1-B1B2-4BBA-A896-5AD3AA5745FE}
		{6AFF09AC-ED09-427C-91C0-6C5D9B5A4779} = {0341516C-C6DB-4B46-9442-6C5AE6C9A309}
		{A0C75C36-45D0-4043-A613-9124A84390F4} = {0341516C-C6DB-4B46-9442-6C5AE6C9A309}
		{1D054789-35B9-4068-8B14-BC099D61DFFF} = {0341516C-C6DB-4B46-9442-6C5AE6C9A309}
		{6D391BFE-A25C-4250-AD66-514F47FA98B5} = {C87D0D9B-874E-42E8-89F0-68E62126A2FA}
		{4E127FBE-5B1E-4C9A-9EA2-FCCDD80C866D} = {C87D0D9B-874E-42E8-89F0-68E62126A2FA}
		{A4FA30A6-89F5-4F64-A755-F2061F674033} = {0341516C-C6DB-4B46-9442-6C5AE6C9A309}
	EndGlobalSection
	GlobalSection(ExtensibilityGlobals) = postSolution
		SolutionGuid = {AD784720-C82C-4E29-8E0F-14221C5CD966}
	EndGlobalSection
EndGlobal
